
Microsoft Visual Studio Solution File, Format Version 12.00
Project("{FAE04EC0-301F-11D3-BF4B-00C04F79EFBC}") = "Services.AppHost", "Services.AppHost\Services.AppHost.csproj", "{04B2CC92-EFE1-48E6-A4C9-839518B2B0A3}"
EndProject
Project("{FAE04EC0-301F-11D3-BF4B-00C04F79EFBC}") = "ProjectManager.RestApi", "ProjectManager.RestApi\ProjectManager.RestApi.csproj", "{08D84E97-12DA-4C54-96E8-984C4958CFAF}"
EndProject
Project("{FAE04EC0-301F-11D3-BF4B-00C04F79EFBC}") = "ProjectManager.LibEntity", "ProjectManager.LibEntity\ProjectManager.LibEntity.csproj", "{7D42C410-BF48-4E9F-BC1F-55F65682E7E1}"
EndProject
Project("{FAE04EC0-301F-11D3-BF4B-00C04F79EFBC}") = "ProjectManager.MigrationWorker", "ProjectManager.MigrationWorker\ProjectManager.MigrationWorker.csproj", "{E3E43FDC-5CCC-4A12-B85F-93CFE1041B75}"
EndProject
Project("{FAE04EC0-301F-11D3-BF4B-00C04F79EFBC}") = "ProjectManager.ServiceDefaults", "ProjectManager.ServiceDefaults\ProjectManager.ServiceDefaults.csproj", "{31B39C46-50D2-4C29-B163-76F2A50D77B5}"
EndProject
Project("{FAE04EC0-301F-11D3-BF4B-00C04F79EFBC}") = "ProjectManager.RestApi.Test", "ProjectManager.RestApi.Test\ProjectManager.RestApi.Test.csproj", "{FEB5BCC7-34AE-421D-B7A1-C2BA4EC55D4B}"
EndProject
Project("{FAE04EC0-301F-11D3-BF4B-00C04F79EFBC}") = "ProjectManager.Internal", "ProjectManager.Internal\ProjectManager.Internal.csproj", "{ADEAF430-6F4D-4C07-A1B0-5094D283F8EE}"
EndProject
Project("{FAE04EC0-301F-11D3-BF4B-00C04F79EFBC}") = "WebApplication1", "WebApplication1\WebApplication1.csproj", "{6289595E-2475-4839-BEF1-B1FF1438DC73}"
EndProject
Project("{FAE04EC0-301F-11D3-BF4B-00C04F79EFBC}") = "ProjectManager.Sandbox", "ProjectManager.Sandbox\ProjectManager.Sandbox.csproj", "{A91AB6F8-9E06-4171-B51C-23A0D6A6FE33}"
EndProject
Project("{FAE04EC0-301F-11D3-BF4B-00C04F79EFBC}") = "ObjectStorage.GrpcApi", "ObjectStorage.GrpcApi\ObjectStorage.GrpcApi.csproj", "{B942F9F4-FDC1-400E-987D-EBD9A6133B6F}"
EndProject
Project("{FAE04EC0-301F-11D3-BF4B-00C04F79EFBC}") = "ObjectStorage.MigrationWorker", "ObjectStorage.MigrationWorker\ObjectStorage.MigrationWorker.csproj", "{F55EAA01-10CD-4C57-B393-6CFF18CB1C90}"
EndProject
Project("{FAE04EC0-301F-11D3-BF4B-00C04F79EFBC}") = "ObjectStorage.GrpcLib", "ObjectStorage.GrpcLib\ObjectStorage.GrpcLib.csproj", "{75EFCC19-2E0F-4B97-8B24-1FC7CD905096}"
EndProject
Project("{FAE04EC0-301F-11D3-BF4B-00C04F79EFBC}") = "ObjectStorage.WWW", "ObjectStorage.WWW\ObjectStorage.WWW.csproj", "{AD9874D8-7D35-4330-AF48-04B3482B7E1C}"
EndProject
Project("{FAE04EC0-301F-11D3-BF4B-00C04F79EFBC}") = "ObjectStorage.GrpcApi.Tests", "ObjectStorage.GrpcApi.Tests\ObjectStorage.GrpcApi.Tests.csproj", "{809C2DB7-FC5F-4EB3-A90C-46622D42C1E0}"
EndProject
Global
	GlobalSection(SolutionConfigurationPlatforms) = preSolution
		Debug|Any CPU = Debug|Any CPU
		Release|Any CPU = Release|Any CPU
	EndGlobalSection
	GlobalSection(ProjectConfigurationPlatforms) = postSolution
		{04B2CC92-EFE1-48E6-A4C9-839518B2B0A3}.Debug|Any CPU.ActiveCfg = Debug|Any CPU
		{04B2CC92-EFE1-48E6-A4C9-839518B2B0A3}.Debug|Any CPU.Build.0 = Debug|Any CPU
		{04B2CC92-EFE1-48E6-A4C9-839518B2B0A3}.Release|Any CPU.ActiveCfg = Release|Any CPU
		{04B2CC92-EFE1-48E6-A4C9-839518B2B0A3}.Release|Any CPU.Build.0 = Release|Any CPU
		{08D84E97-12DA-4C54-96E8-984C4958CFAF}.Debug|Any CPU.ActiveCfg = Debug|Any CPU
		{08D84E97-12DA-4C54-96E8-984C4958CFAF}.Debug|Any CPU.Build.0 = Debug|Any CPU
		{08D84E97-12DA-4C54-96E8-984C4958CFAF}.Release|Any CPU.ActiveCfg = Release|Any CPU
		{08D84E97-12DA-4C54-96E8-984C4958CFAF}.Release|Any CPU.Build.0 = Release|Any CPU
		{7D42C410-BF48-4E9F-BC1F-55F65682E7E1}.Debug|Any CPU.ActiveCfg = Debug|Any CPU
		{7D42C410-BF48-4E9F-BC1F-55F65682E7E1}.Debug|Any CPU.Build.0 = Debug|Any CPU
		{7D42C410-BF48-4E9F-BC1F-55F65682E7E1}.Release|Any CPU.ActiveCfg = Release|Any CPU
		{7D42C410-BF48-4E9F-BC1F-55F65682E7E1}.Release|Any CPU.Build.0 = Release|Any CPU
		{E3E43FDC-5CCC-4A12-B85F-93CFE1041B75}.Debug|Any CPU.ActiveCfg = Debug|Any CPU
		{E3E43FDC-5CCC-4A12-B85F-93CFE1041B75}.Debug|Any CPU.Build.0 = Debug|Any CPU
		{E3E43FDC-5CCC-4A12-B85F-93CFE1041B75}.Release|Any CPU.ActiveCfg = Release|Any CPU
		{E3E43FDC-5CCC-4A12-B85F-93CFE1041B75}.Release|Any CPU.Build.0 = Release|Any CPU
		{31B39C46-50D2-4C29-B163-76F2A50D77B5}.Debug|Any CPU.ActiveCfg = Debug|Any CPU
		{31B39C46-50D2-4C29-B163-76F2A50D77B5}.Debug|Any CPU.Build.0 = Debug|Any CPU
		{31B39C46-50D2-4C29-B163-76F2A50D77B5}.Release|Any CPU.ActiveCfg = Release|Any CPU
		{31B39C46-50D2-4C29-B163-76F2A50D77B5}.Release|Any CPU.Build.0 = Release|Any CPU
		{FEB5BCC7-34AE-421D-B7A1-C2BA4EC55D4B}.Debug|Any CPU.ActiveCfg = Debug|Any CPU
		{FEB5BCC7-34AE-421D-B7A1-C2BA4EC55D4B}.Debug|Any CPU.Build.0 = Debug|Any CPU
		{FEB5BCC7-34AE-421D-B7A1-C2BA4EC55D4B}.Release|Any CPU.ActiveCfg = Release|Any CPU
		{FEB5BCC7-34AE-421D-B7A1-C2BA4EC55D4B}.Release|Any CPU.Build.0 = Release|Any CPU
		{ADEAF430-6F4D-4C07-A1B0-5094D283F8EE}.Debug|Any CPU.ActiveCfg = Debug|Any CPU
		{ADEAF430-6F4D-4C07-A1B0-5094D283F8EE}.Debug|Any CPU.Build.0 = Debug|Any CPU
		{ADEAF430-6F4D-4C07-A1B0-5094D283F8EE}.Release|Any CPU.ActiveCfg = Release|Any CPU
		{ADEAF430-6F4D-4C07-A1B0-5094D283F8EE}.Release|Any CPU.Build.0 = Release|Any CPU
		{6289595E-2475-4839-BEF1-B1FF1438DC73}.Debug|Any CPU.ActiveCfg = Debug|Any CPU
		{6289595E-2475-4839-BEF1-B1FF1438DC73}.Debug|Any CPU.Build.0 = Debug|Any CPU
		{6289595E-2475-4839-BEF1-B1FF1438DC73}.Release|Any CPU.ActiveCfg = Release|Any CPU
		{6289595E-2475-4839-BEF1-B1FF1438DC73}.Release|Any CPU.Build.0 = Release|Any CPU
		{A91AB6F8-9E06-4171-B51C-23A0D6A6FE33}.Debug|Any CPU.ActiveCfg = Debug|Any CPU
		{A91AB6F8-9E06-4171-B51C-23A0D6A6FE33}.Debug|Any CPU.Build.0 = Debug|Any CPU
		{A91AB6F8-9E06-4171-B51C-23A0D6A6FE33}.Release|Any CPU.ActiveCfg = Release|Any CPU
		{A91AB6F8-9E06-4171-B51C-23A0D6A6FE33}.Release|Any CPU.Build.0 = Release|Any CPU
		{B942F9F4-FDC1-400E-987D-EBD9A6133B6F}.Debug|Any CPU.ActiveCfg = Debug|Any CPU
		{B942F9F4-FDC1-400E-987D-EBD9A6133B6F}.Debug|Any CPU.Build.0 = Debug|Any CPU
		{B942F9F4-FDC1-400E-987D-EBD9A6133B6F}.Release|Any CPU.ActiveCfg = Release|Any CPU
		{B942F9F4-FDC1-400E-987D-EBD9A6133B6F}.Release|Any CPU.Build.0 = Release|Any CPU
		{F55EAA01-10CD-4C57-B393-6CFF18CB1C90}.Debug|Any CPU.ActiveCfg = Debug|Any CPU
		{F55EAA01-10CD-4C57-B393-6CFF18CB1C90}.Debug|Any CPU.Build.0 = Debug|Any CPU
		{F55EAA01-10CD-4C57-B393-6CFF18CB1C90}.Release|Any CPU.ActiveCfg = Release|Any CPU
		{F55EAA01-10CD-4C57-B393-6CFF18CB1C90}.Release|Any CPU.Build.0 = Release|Any CPU
		{75EFCC19-2E0F-4B97-8B24-1FC7CD905096}.Debug|Any CPU.ActiveCfg = Debug|Any CPU
		{75EFCC19-2E0F-4B97-8B24-1FC7CD905096}.Debug|Any CPU.Build.0 = Debug|Any CPU
		{75EFCC19-2E0F-4B97-8B24-1FC7CD905096}.Release|Any CPU.ActiveCfg = Release|Any CPU
		{75EFCC19-2E0F-4B97-8B24-1FC7CD905096}.Release|Any CPU.Build.0 = Release|Any CPU
		{AD9874D8-7D35-4330-AF48-04B3482B7E1C}.Debug|Any CPU.ActiveCfg = Debug|Any CPU
		{AD9874D8-7D35-4330-AF48-04B3482B7E1C}.Debug|Any CPU.Build.0 = Debug|Any CPU
		{AD9874D8-7D35-4330-AF48-04B3482B7E1C}.Release|Any CPU.ActiveCfg = Release|Any CPU
		{AD9874D8-7D35-4330-AF48-04B3482B7E1C}.Release|Any CPU.Build.0 = Release|Any CPU
		{809C2DB7-FC5F-4EB3-A90C-46622D42C1E0}.Debug|Any CPU.ActiveCfg = Debug|Any CPU
		{809C2DB7-FC5F-4EB3-A90C-46622D42C1E0}.Debug|Any CPU.Build.0 = Debug|Any CPU
		{809C2DB7-FC5F-4EB3-A90C-46622D42C1E0}.Release|Any CPU.ActiveCfg = Release|Any CPU
		{809C2DB7-FC5F-4EB3-A90C-46622D42C1E0}.Release|Any CPU.Build.0 = Release|Any CPU
	EndGlobalSection
EndGlobal
